
Microsoft Visual Studio Solution File, Format Version 12.00
# Visual Studio 15
VisualStudioVersion = 15.0.28307.168
MinimumVisualStudioVersion = 10.0.40219.1
Project("{FAE04EC0-301F-11D3-BF4B-00C04F79EFBC}") = "Criptografia.Services", "Criptografia.Services\Criptografia.Services.csproj", "{4073580F-B7DB-42DB-8A50-B33215A4183A}"
EndProject
Project("{FAE04EC0-301F-11D3-BF4B-00C04F79EFBC}") = "Criptografia.WebServices", "Criptografia.WebServices\Criptografia.WebServices.csproj", "{2802E451-EA02-452C-BCE6-3BCF1447DC1E}"
EndProject
Global
	GlobalSection(SolutionConfigurationPlatforms) = preSolution
		Debug|Any CPU = Debug|Any CPU
		Release|Any CPU = Release|Any CPU
	EndGlobalSection
	GlobalSection(ProjectConfigurationPlatforms) = postSolution
		{4073580F-B7DB-42DB-8A50-B33215A4183A}.Debug|Any CPU.ActiveCfg = Debug|Any CPU
		{4073580F-B7DB-42DB-8A50-B33215A4183A}.Debug|Any CPU.Build.0 = Debug|Any CPU
		{4073580F-B7DB-42DB-8A50-B33215A4183A}.Release|Any CPU.ActiveCfg = Release|Any CPU
		{4073580F-B7DB-42DB-8A50-B33215A4183A}.Release|Any CPU.Build.0 = Release|Any CPU
		{2802E451-EA02-452C-BCE6-3BCF1447DC1E}.Debug|Any CPU.ActiveCfg = Debug|Any CPU
		{2802E451-EA02-452C-BCE6-3BCF1447DC1E}.Debug|Any CPU.Build.0 = Debug|Any CPU
		{2802E451-EA02-452C-BCE6-3BCF1447DC1E}.Release|Any CPU.ActiveCfg = Release|Any CPU
		{2802E451-EA02-452C-BCE6-3BCF1447DC1E}.Release|Any CPU.Build.0 = Release|Any CPU
	EndGlobalSection
	GlobalSection(SolutionProperties) = preSolution
		HideSolutionNode = FALSE
	EndGlobalSection
	GlobalSection(ExtensibilityGlobals) = postSolution
		SolutionGuid = {E7ACA6B0-EF58-4BF2-A520-93A468E5310F}
	EndGlobalSection
EndGlobal
